lockfileVersion: '9.0'

settings:
  autoInstallPeers: true
  excludeLinksFromLockfile: false

importers:

  .:
    dependencies:
      next:
        specifier: ^15.1.4
        version: 15.1.4(react-dom@19.0.0(react@19.0.0))(react@19.0.0)
      react:
        specifier: ^19.0.0
        version: 19.0.0
      react-dom:
        specifier: ^19.0.0
        version: 19.0.0(react@19.0.0)
    devDependencies:
      '@dicebear/core':
        specifier: ^9.0.0
        version: 9.2.2
      '@tsconfig/recommended':
        specifier: ^1.0.2
        version: 1.0.8
      '@types/node':
        specifier: 22.10.5
        version: 22.10.5
      '@types/react':
        specifier: 19.0.6
        version: 19.0.6
      del-cli:
        specifier: ^5.0.0
        version: 5.1.0
      typescript:
        specifier: ^5.1.6
        version: 5.7.3
      uvu:
        specifier: ^0.5.6
        version: 0.5.6

packages:

  '@babel/code-frame@7.26.2':
    resolution: {integrity: sha512-RJlIHRueQgwWitWgF8OdFYGZX328Ax5BCemNGlqHfplnRT9ESi8JkFlvaVYbS+UubVY6dpv87Fs2u5M29iNFVQ==}
    engines: {node: '>=6.9.0'}

  '@babel/helper-validator-identifier@7.25.9':
    resolution: {integrity: sha512-Ed61U6XJc3CVRfkERJWDz4dJwKe7iLmmJsbOGu9wSloNSFttHV0I8g6UAgb7qnK5ly5bGLPd4oXZlxCdANBOWQ==}
    engines: {node: '>=6.9.0'}

  '@dicebear/core@9.2.2':
    resolution: {integrity: sha512-ROhgHG249dPtcXgBHcqPEsDeAPRPRD/9d+tZCjLYyueO+cXDlIA8dUlxpwIVcOuZFvCyW6RJtqo8BhNAi16pIQ==}
    engines: {node: '>=18.0.0'}

  '@emnapi/runtime@1.3.1':
    resolution: {integrity: sha512-kEBmG8KyqtxJZv+ygbEim+KCGtIq1fC22Ms3S4ziXmYKm8uyoLX0MHONVKwp+9opg390VaKRNt4a7A9NwmpNhw==}

  '@img/sharp-darwin-arm64@0.33.5':
    resolution: {integrity: sha512-UT4p+iz/2H4twwAoLCqfA9UH5pI6DggwKEGuaPy7nCVQ8ZsiY5PIcrRvD1DzuY3qYL07NtIQcWnBSY/heikIFQ==}
    engines: {node: ^18.17.0 || ^20.3.0 || >=21.0.0}
    cpu: [arm64]
    os: [darwin]

  '@img/sharp-darwin-x64@0.33.5':
    resolution: {integrity: sha512-fyHac4jIc1ANYGRDxtiqelIbdWkIuQaI84Mv45KvGRRxSAa7o7d1ZKAOBaYbnepLC1WqxfpimdeWfvqqSGwR2Q==}
    engines: {node: ^18.17.0 || ^20.3.0 || >=21.0.0}
    cpu: [x64]
    os: [darwin]

  '@img/sharp-libvips-darwin-arm64@1.0.4':
    resolution: {integrity: sha512-XblONe153h0O2zuFfTAbQYAX2JhYmDHeWikp1LM9Hul9gVPjFY427k6dFEcOL72O01QxQsWi761svJ/ev9xEDg==}
    cpu: [arm64]
    os: [darwin]

  '@img/sharp-libvips-darwin-x64@1.0.4':
    resolution: {integrity: sha512-xnGR8YuZYfJGmWPvmlunFaWJsb9T/AO2ykoP3Fz/0X5XV2aoYBPkX6xqCQvUTKKiLddarLaxpzNe+b1hjeWHAQ==}
    cpu: [x64]
    os: [darwin]

  '@img/sharp-libvips-linux-arm64@1.0.4':
    resolution: {integrity: sha512-9B+taZ8DlyyqzZQnoeIvDVR/2F4EbMepXMc/NdVbkzsJbzkUjhXv/70GQJ7tdLA4YJgNP25zukcxpX2/SueNrA==}
    cpu: [arm64]
    os: [linux]

  '@img/sharp-libvips-linux-arm@1.0.5':
    resolution: {integrity: sha512-gvcC4ACAOPRNATg/ov8/MnbxFDJqf/pDePbBnuBDcjsI8PssmjoKMAz4LtLaVi+OnSb5FK/yIOamqDwGmXW32g==}
    cpu: [arm]
    os: [linux]

  '@img/sharp-libvips-linux-s390x@1.0.4':
    resolution: {integrity: sha512-u7Wz6ntiSSgGSGcjZ55im6uvTrOxSIS8/dgoVMoiGE9I6JAfU50yH5BoDlYA1tcuGS7g/QNtetJnxA6QEsCVTA==}
    cpu: [s390x]
    os: [linux]

  '@img/sharp-libvips-linux-x64@1.0.4':
    resolution: {integrity: sha512-MmWmQ3iPFZr0Iev+BAgVMb3ZyC4KeFc3jFxnNbEPas60e1cIfevbtuyf9nDGIzOaW9PdnDciJm+wFFaTlj5xYw==}
    cpu: [x64]
    os: [linux]

  '@img/sharp-libvips-linuxmusl-arm64@1.0.4':
    resolution: {integrity: sha512-9Ti+BbTYDcsbp4wfYib8Ctm1ilkugkA/uscUn6UXK1ldpC1JjiXbLfFZtRlBhjPZ5o1NCLiDbg8fhUPKStHoTA==}
    cpu: [arm64]
    os: [linux]

  '@img/sharp-libvips-linuxmusl-x64@1.0.4':
    resolution: {integrity: sha512-viYN1KX9m+/hGkJtvYYp+CCLgnJXwiQB39damAO7WMdKWlIhmYTfHjwSbQeUK/20vY154mwezd9HflVFM1wVSw==}
    cpu: [x64]
    os: [linux]

  '@img/sharp-linux-arm64@0.33.5':
    resolution: {integrity: sha512-JMVv+AMRyGOHtO1RFBiJy/MBsgz0x4AWrT6QoEVVTyh1E39TrCUpTRI7mx9VksGX4awWASxqCYLCV4wBZHAYxA==}
    engines: {node: ^18.17.0 || ^20.3.0 || >=21.0.0}
    cpu: [arm64]
    os: [linux]

  '@img/sharp-linux-arm@0.33.5':
    resolution: {integrity: sha512-JTS1eldqZbJxjvKaAkxhZmBqPRGmxgu+qFKSInv8moZ2AmT5Yib3EQ1c6gp493HvrvV8QgdOXdyaIBrhvFhBMQ==}
    engines: {node: ^18.17.0 || ^20.3.0 || >=21.0.0}
    cpu: [arm]
    os: [linux]

  '@img/sharp-linux-s390x@0.33.5':
    resolution: {integrity: sha512-y/5PCd+mP4CA/sPDKl2961b+C9d+vPAveS33s6Z3zfASk2j5upL6fXVPZi7ztePZ5CuH+1kW8JtvxgbuXHRa4Q==}
    engines: {node: ^18.17.0 || ^20.3.0 || >=21.0.0}
    cpu: [s390x]
    os: [linux]

  '@img/sharp-linux-x64@0.33.5':
    resolution: {integrity: sha512-opC+Ok5pRNAzuvq1AG0ar+1owsu842/Ab+4qvU879ippJBHvyY5n2mxF1izXqkPYlGuP/M556uh53jRLJmzTWA==}
    engines: {node: ^18.17.0 || ^20.3.0 || >=21.0.0}
    cpu: [x64]
    os: [linux]

  '@img/sharp-linuxmusl-arm64@0.33.5':
    resolution: {integrity: sha512-XrHMZwGQGvJg2V/oRSUfSAfjfPxO+4DkiRh6p2AFjLQztWUuY/o8Mq0eMQVIY7HJ1CDQUJlxGGZRw1a5bqmd1g==}
    engines: {node: ^18.17.0 || ^20.3.0 || >=21.0.0}
    cpu: [arm64]
    os: [linux]

  '@img/sharp-linuxmusl-x64@0.33.5':
    resolution: {integrity: sha512-WT+d/cgqKkkKySYmqoZ8y3pxx7lx9vVejxW/W4DOFMYVSkErR+w7mf2u8m/y4+xHe7yY9DAXQMWQhpnMuFfScw==}
    engines: {node: ^18.17.0 || ^20.3.0 || >=21.0.0}
    cpu: [x64]
    os: [linux]

  '@img/sharp-wasm32@0.33.5':
    resolution: {integrity: sha512-ykUW4LVGaMcU9lu9thv85CbRMAwfeadCJHRsg2GmeRa/cJxsVY9Rbd57JcMxBkKHag5U/x7TSBpScF4U8ElVzg==}
    engines: {node: ^18.17.0 || ^20.3.0 || >=21.0.0}
    cpu: [wasm32]

  '@img/sharp-win32-ia32@0.33.5':
    resolution: {integrity: sha512-T36PblLaTwuVJ/zw/LaH0PdZkRz5rd3SmMHX8GSmR7vtNSP5Z6bQkExdSK7xGWyxLw4sUknBuugTelgw2faBbQ==}
    engines: {node: ^18.17.0 || ^20.3.0 || >=21.0.0}
    cpu: [ia32]
    os: [win32]

  '@img/sharp-win32-x64@0.33.5':
    resolution: {integrity: sha512-MpY/o8/8kj+EcnxwvrP4aTJSWw/aZ7JIGR4aBeZkZw5B7/Jn+tY9/VNwtcoGmdT7GfggGIU4kygOMSbYnOrAbg==}
    engines: {node: ^18.17.0 || ^20.3.0 || >=21.0.0}
    cpu: [x64]
    os: [win32]

  '@next/env@15.1.4':
    resolution: {integrity: sha512-2fZ5YZjedi5AGaeoaC0B20zGntEHRhi2SdWcu61i48BllODcAmmtj8n7YarSPt4DaTsJaBFdxQAVEVzgmx2Zpw==}

  '@next/swc-darwin-arm64@15.1.4':
    resolution: {integrity: sha512-wBEMBs+np+R5ozN1F8Y8d/Dycns2COhRnkxRc+rvnbXke5uZBHkUGFgWxfTXn5rx7OLijuUhyfB+gC/ap58dDw==}
    engines: {node: '>= 10'}
    cpu: [arm64]
    os: [darwin]

  '@next/swc-darwin-x64@15.1.4':
    resolution: {integrity: sha512-7sgf5rM7Z81V9w48F02Zz6DgEJulavC0jadab4ZsJ+K2sxMNK0/BtF8J8J3CxnsJN3DGcIdC260wEKssKTukUw==}
    engines: {node: '>= 10'}
    cpu: [x64]
    os: [darwin]

  '@next/swc-linux-arm64-gnu@15.1.4':
    resolution: {integrity: sha512-JaZlIMNaJenfd55kjaLWMfok+vWBlcRxqnRoZrhFQrhM1uAehP3R0+Aoe+bZOogqlZvAz53nY/k3ZyuKDtT2zQ==}
    engines: {node: '>= 10'}
    cpu: [arm64]
    os: [linux]

  '@next/swc-linux-arm64-musl@15.1.4':
    resolution: {integrity: sha512-7EBBjNoyTO2ipMDgCiORpwwOf5tIueFntKjcN3NK+GAQD7OzFJe84p7a2eQUeWdpzZvhVXuAtIen8QcH71ZCOQ==}
    engines: {node: '>= 10'}
    cpu: [arm64]
    os: [linux]

  '@next/swc-linux-x64-gnu@15.1.4':
    resolution: {integrity: sha512-9TGEgOycqZFuADyFqwmK/9g6S0FYZ3tphR4ebcmCwhL8Y12FW8pIBKJvSwV+UBjMkokstGNH+9F8F031JZKpHw==}
    engines: {node: '>= 10'}
    cpu: [x64]
    os: [linux]

  '@next/swc-linux-x64-musl@15.1.4':
    resolution: {integrity: sha512-0578bLRVDJOh+LdIoKvgNDz77+Bd85c5JrFgnlbI1SM3WmEQvsjxTA8ATu9Z9FCiIS/AliVAW2DV/BDwpXbtiQ==}
    engines: {node: '>= 10'}
    cpu: [x64]
    os: [linux]

  '@next/swc-win32-arm64-msvc@15.1.4':
    resolution: {integrity: sha512-JgFCiV4libQavwII+kncMCl30st0JVxpPOtzWcAI2jtum4HjYaclobKhj+JsRu5tFqMtA5CJIa0MvYyuu9xjjQ==}
    engines: {node: '>= 10'}
    cpu: [arm64]
    os: [win32]

  '@next/swc-win32-x64-msvc@15.1.4':
    resolution: {integrity: sha512-xxsJy9wzq7FR5SqPCUqdgSXiNXrMuidgckBa8nH9HtjjxsilgcN6VgXF6tZ3uEWuVEadotQJI8/9EQ6guTC4Yw==}
    engines: {node: '>= 10'}
    cpu: [x64]
    os: [win32]

  '@nodelib/fs.scandir@2.1.5':
    resolution: {integrity: sha512-vq24Bq3ym5HEQm2NKCr3yXDwjc7vTsEThRDnkp2DK9p1uqLR+DHurm/NOTo0KG7HYHU7eppKZj3MyqYuMBf62g==}
    engines: {node: '>= 8'}

  '@nodelib/fs.stat@2.0.5':
    resolution: {integrity: sha512-RkhPPp2zrqDAQA/2jNhnztcPAlv64XdhIp7a7454A5ovI7Bukxgt7MX7udwAu3zg1DcpPU0rz3VV1SeaqvY4+A==}
    engines: {node: '>= 8'}

  '@nodelib/fs.walk@1.2.8':
    resolution: {integrity: sha512-oGB+UxlgWcgQkgwo8GcEGwemoTFt3FIO9ababBmaGwXIoBKZ+GTy0pP185beGg7Llih/NSHSV2XAs1lnznocSg==}
    engines: {node: '>= 8'}

  '@swc/counter@0.1.3':
    resolution: {integrity: sha512-e2BR4lsJkkRlKZ/qCHPw9ZaSxc0MVUd7gtbtaB7aMvHeJVYe8sOB8DBZkP2DtISHGSku9sCK6T6cnY0CtXrOCQ==}

  '@swc/helpers@0.5.15':
    resolution: {integrity: sha512-JQ5TuMi45Owi4/BIMAJBoSQoOJu12oOk/gADqlcUL9JEdHB8vyjUSsxqeNXnmXHjYKMi2WcYtezGEEhqUI/E2g==}

  '@tsconfig/recommended@1.0.8':
    resolution: {integrity: sha512-TotjFaaXveVUdsrXCdalyF6E5RyG6+7hHHQVZonQtdlk1rJZ1myDIvPUUKPhoYv+JAzThb2lQJh9+9ZfF46hsA==}

  '@types/json-schema@7.0.15':
    resolution: {integrity: sha512-5+fP8P8MFNC+AyZCDxrB2pkZFPGzqQWUzpSeuuVLvm8VMcorNYavBqoFcxK8bQz4Qsbn4oUEEem4wDLfcysGHA==}

  '@types/minimist@1.2.5':
    resolution: {integrity: sha512-hov8bUuiLiyFPGyFPE1lwWhmzYbirOXQNNo40+y3zow8aFVTeyn3VWL0VFFfdNddA8S4Vf0Tc062rzyNr7Paag==}

  '@types/node@22.10.5':
    resolution: {integrity: sha512-F8Q+SeGimwOo86fiovQh8qiXfFEh2/ocYv7tU5pJ3EXMSSxk1Joj5wefpFK2fHTf/N6HKGSxIDBT9f3gCxXPkQ==}

  '@types/normalize-package-data@2.4.4':
    resolution: {integrity: sha512-37i+OaWTh9qeK4LSHPsyRC7NahnGotNuZvjLSgcPzblpHB3rrCJxAOgI5gCdKm7coonsaX1Of0ILiTcnZjbfxA==}

  '@types/react@19.0.6':
    resolution: {integrity: sha512-gIlMztcTeDgXCUj0vCBOqEuSEhX//63fW9SZtCJ+agxoQTOklwDfiEMlTWn4mR/C/UK5VHlpwsCsOyf7/hc4lw==}

  aggregate-error@4.0.1:
    resolution: {integrity: sha512-0poP0T7el6Vq3rstR8Mn4V/IQrpBLO6POkUSrN7RhyY+GF/InCFShQzsQ39T25gkHhLgSLByyAz+Kjb+c2L98w==}
    engines: {node: '>=12'}

  arrify@1.0.1:
    resolution: {integrity: sha512-3CYzex9M9FGQjCGMGyi6/31c8GJbgb0qGyrx5HWxPd0aCwh4cB2YjMb2Xf9UuoogrMrlO9cTqnB5rI5GHZTcUA==}
    engines: {node: '>=0.10.0'}

  balanced-match@1.0.2:
    resolution: {integrity: sha512-3oSeUO0TMV67hN1AmbXsK4yaqU7tjiHlbxRDZOpH0KW9+CeX4bRAaX0Anxt0tx2MrpRpWwQaPwIlISEJhYU5Pw==}

  brace-expansion@1.1.11:
    resolution: {integrity: sha512-iCuPHDFgrHX7H2vEI/5xpz07zSHB00TpugqhmYtVmMO6518mCuRMoOYFldEBl0g187ufozdaHgWKcYFb61qGiA==}

  braces@3.0.3:
    resolution: {integrity: sha512-yQbXgO/OSZVD2IsiLlro+7Hf6Q18EJrKSEsdoMzKePKXct3gvD8oLcOQdIzGupr5Fj+EDe8gO/lxc1BzfMpxvA==}
    engines: {node: '>=8'}

  busboy@1.6.0:
    resolution: {integrity: sha512-8SFQbg/0hQ9xy3UNTB0YEnsNBbWfhf7RtnzpL7TkBiTBRfrQ9Fxcnz7VJsleJpyp6rVLvXiuORqjlHi5q+PYuA==}
    engines: {node: '>=10.16.0'}

  camelcase-keys@7.0.2:
    resolution: {integrity: sha512-Rjs1H+A9R+Ig+4E/9oyB66UC5Mj9Xq3N//vcLf2WzgdTi/3gUu3Z9KoqmlrEG4VuuLK8wJHofxzdQXz/knhiYg==}
    engines: {node: '>=12'}

  camelcase@6.3.0:
    resolution: {integrity: sha512-Gmy6FhYlCY7uOElZUSbxo2UCDH8owEk996gkbrpsgGtrJLM3J7jGxl9Ic7Qwwj4ivOE5AWZWRMecDdF7hqGjFA==}
    engines: {node: '>=10'}

  caniuse-lite@1.0.30001692:
    resolution: {integrity: sha512-A95VKan0kdtrsnMubMKxEKUKImOPSuCpYgxSQBo036P5YYgVIcOYJEgt/txJWqObiRQeISNCfef9nvlQ0vbV7A==}

  clean-stack@4.2.0:
    resolution: {integrity: sha512-LYv6XPxoyODi36Dp976riBtSY27VmFo+MKqEU9QCCWyTrdEPDog+RWA7xQWHi6Vbp61j5c4cdzzX1NidnwtUWg==}
    engines: {node: '>=12'}

  client-only@0.0.1:
    resolution: {integrity: sha512-IV3Ou0jSMzZrd3pZ48nLkT9DA7Ag1pnPzaiQhpW7c3RbcqqzvzzVu+L8gfqMp/8IM2MQtSiqaCxrrcfu8I8rMA==}

  color-convert@2.0.1:
    resolution: {integrity: sha512-RRECPsj7iu/xb5oKYcsFHSppFNnsj/52OVTRKb4zP5onXwVF3zVmmToNcOfGC+CRDpfK/U584fMg38ZHCaElKQ==}
    engines: {node: '>=7.0.0'}

  color-name@1.1.4:
    resolution: {integrity: sha512-dOy+3AuW3a2wNbZHIuMZpTcgjGuLU/uBL/ubcZF9OXbDo8ff4O8yVp5Bf0efS8uEoYo5q4Fx7dY9OgQGXgAsQA==}

  color-string@1.9.1:
    resolution: {integrity: sha512-shrVawQFojnZv6xM40anx4CkoDP+fZsw/ZerEMsW/pyzsRbElpsL/DBVW7q3ExxwusdNXI3lXpuhEZkzs8p5Eg==}

  color@4.2.3:
    resolution: {integrity: sha512-1rXeuUUiGGrykh+CeBdu5Ie7OJwinCgQY0bc7GCRxy5xVHy+moaqkpL/jqQq0MtQOeYcrqEz4abc5f0KtU7W4A==}
    engines: {node: '>=12.5.0'}

  concat-map@0.0.1:
    resolution: {integrity: sha512-/Srv4dswyQNBfohGpz9o6Yb3Gz3SrUDqBH5rTuhGR7ahtlbYKnVxw2bCFMRljaA7EXHaXZ8wsHdodFvbkhKmqg==}

  csstype@3.1.3:
    resolution: {integrity: sha512-M1uQkMl8rQK/szD0LNhtqxIPLpimGm8sOBwU7lLnCpSbTyY3yeU1Vc7l4KT5zT4s/yOxHH5O7tIuuLOCnLADRw==}

  decamelize-keys@1.1.1:
    resolution: {integrity: sha512-WiPxgEirIV0/eIOMcnFBA3/IJZAZqKnwAwWyvvdi4lsr1WCN22nhdf/3db3DoZcUjTV2SqfzIwNyp6y2xs3nmg==}
    engines: {node: '>=0.10.0'}

  decamelize@1.2.0:
    resolution: {integrity: sha512-z2S+W9X73hAUUki+N+9Za2lBlun89zigOyGrsax+KUQ6wKW4ZoWpEYBkGhQjwAjjDCkWxhY0VKEhk8wzY7F5cA==}
    engines: {node: '>=0.10.0'}

  decamelize@5.0.1:
    resolution: {integrity: sha512-VfxadyCECXgQlkoEAjeghAr5gY3Hf+IKjKb+X8tGVDtveCjN+USwprd2q3QXBR9T1+x2DG0XZF5/w+7HAtSaXA==}
    engines: {node: '>=10'}

  del-cli@5.1.0:
    resolution: {integrity: sha512-xwMeh2acluWeccsfzE7VLsG3yTr7nWikbfw+xhMnpRrF15pGSkw+3/vJZWlGoE4I86UiLRNHicmKt4tkIX9Jtg==}
    engines: {node: '>=14.16'}
    hasBin: true

  del@7.1.0:
    resolution: {integrity: sha512-v2KyNk7efxhlyHpjEvfyxaAihKKK0nWCuf6ZtqZcFFpQRG0bJ12Qsr0RpvsICMjAAZ8DOVCxrlqpxISlMHC4Kg==}
    engines: {node: '>=14.16'}

  dequal@2.0.3:
    resolution: {integrity: sha512-0je+qPKHEMohvfRTCEo3CrPG6cAzAYgmzKyxRiYSSDkS6eGJdyVJm7WaYA5ECaAD9wLB2T4EEeymA5aFVcYXCA==}
    engines: {node: '>=6'}

  detect-libc@2.0.3:
    resolution: {integrity: sha512-bwy0MGW55bG41VqxxypOsdSdGqLwXPI/focwgTYCFMbdUiBAxLg9CFzG08sz2aqzknwiX7Hkl0bQENjg8iLByw==}
    engines: {node: '>=8'}

  diff@5.2.0:
    resolution: {integrity: sha512-uIFDxqpRZGZ6ThOk84hEfqWoHx2devRFvpTZcTHur85vImfaxUbTW9Ryh4CpCuDnToOP1CEtXKIgytHBPVff5A==}
    engines: {node: '>=0.3.1'}

  dir-glob@3.0.1:
    resolution: {integrity: sha512-WkrWp9GR4KXfKGYzOLmTuGVi1UWFfws377n9cc55/tb6DuqyF6pcQ5AbiHEshaDpY9v6oaSr2XCDidGmMwdzIA==}
    engines: {node: '>=8'}

  error-ex@1.3.2:
    resolution: {integrity: sha512-7dFHNmqeFSEt2ZBsCriorKnn3Z2pj+fd9kmI6QoWw4//DL+icEBfc0U7qJCisqrTsKTjw4fNFy2pW9OqStD84g==}

  escape-string-regexp@5.0.0:
    resolution: {integrity: sha512-/veY75JbMK4j1yjvuUxuVsiS/hr/4iHs9FTT6cgTexxdE0Ly/glccBAkloH/DofkjRbZU3bnoj38mOmhkZ0lHw==}
    engines: {node: '>=12'}

  fast-glob@3.3.3:
    resolution: {integrity: sha512-7MptL8U0cqcFdzIzwOTHoilX9x5BrNqye7Z/LuC7kCMRio1EMSyqRK3BEAUD7sXRq4iT4AzTVuZdhgQ2TCvYLg==}
    engines: {node: '>=8.6.0'}

  fastq@1.18.0:
    resolution: {integrity: sha512-QKHXPW0hD8g4UET03SdOdunzSouc9N4AuHdsX8XNcTsuz+yYFILVNIX4l9yHABMhiEI9Db0JTTIpu0wB+Y1QQw==}

  fill-range@7.1.1:
    resolution: {integrity: sha512-YsGpe3WHLK8ZYi4tWDg2Jy3ebRz2rXowDxnld4bkQB00cc/1Zw9AWnC0i9ztDJitivtQvaI9KaLyKrc+hBW0yg==}
    engines: {node: '>=8'}

  find-up@5.0.0:
    resolution: {integrity: sha512-78/PXT1wlLLDgTzDs7sjq9hzz0vXD+zn+7wypEe4fXQxCmdmqfGsEPQxmiCSQI3ajFV91bVSsvNtrJRiW6nGng==}
    engines: {node: '>=10'}

  fs.realpath@1.0.0:
    resolution: {integrity: sha512-OO0pH2lK6a0hZnAdau5ItzHPI6pUlvI7jMVnxUQRtw4owF2wk8lOSabtGDCTP4Ggrg2MbGnWO9X8K1t4+fGMDw==}

  function-bind@1.1.2:
    resolution: {integrity: sha512-7XHNxH7qX9xG5mIwxkhumTox/MIRNcOgDrxWsMt2pAr23WHp6MrRlN7FBSFpCpr+oVO0F744iUgR82nJMfG2SA==}

  glob-parent@5.1.2:
    resolution: {integrity: sha512-AOIgSQCepiJYwP3ARnGx+5VnTu2HBYdzbGP45eLw1vr3zB3vZLeyed1sC9hnbcOc9/SrMyM5RPQrkGz4aS9Zow==}
    engines: {node: '>= 6'}

  glob@7.2.3:
    resolution: {integrity: sha512-nFR0zLpU2YCaRxwoCJvL6UvCH2JFyFVIvwTLsIf21AuHlMskA1hhTdk+LlYJtOlYt9v6dvszD2BGRqBL+iQK9Q==}
    deprecated: Glob versions prior to v9 are no longer supported

  globby@13.2.2:
    resolution: {integrity: sha512-Y1zNGV+pzQdh7H39l9zgB4PJqjRNqydvdYCDG4HFXM4XuvSaQQlEc91IU1yALL8gUTDomgBAfz3XJdmUS+oo0w==}
    engines: {node: ^12.20.0 || ^14.13.1 || >=16.0.0}

  graceful-fs@4.2.11:
    resolution: {integrity: sha512-RbJ5/jmFcNNCcDV5o9eTnBLJ/HszWV0P73bc+Ff4nS/rJj+YaS6IGyiOL0VoBYX+l1Wrl3k63h/KrH+nhJ0XvQ==}

  hard-rejection@2.1.0:
    resolution: {integrity: sha512-VIZB+ibDhx7ObhAe7OVtoEbuP4h/MuOTHJ+J8h/eBXotJYl0fBgR72xDFCKgIh22OJZIOVNxBMWuhAr10r8HdA==}
    engines: {node: '>=6'}

  hasown@2.0.2:
    resolution: {integrity: sha512-0hJU9SCPvmMzIBdZFqNPXWa6dqh7WdH0cII9y+CyS8rG3nL48Bclra9HmKhVVUHyPWNH5Y7xDwAB7bfgSjkUMQ==}
    engines: {node: '>= 0.4'}

  hosted-git-info@4.1.0:
    resolution: {integrity: sha512-kyCuEOWjJqZuDbRHzL8V93NzQhwIB71oFWSyzVo+KPZI+pnQPPxucdkrOZvkLRnrf5URsQM+IJ09Dw29cRALIA==}
    engines: {node: '>=10'}

  ignore@5.3.2:
    resolution: {integrity: sha512-hsBTNUqQTDwkWtcdYI2i06Y/nUBEsNEDJKjWdigLvegy8kDuJAS8uRlpkkcQpyEXL0Z/pjDy5HBmMjRCJ2gq+g==}
    engines: {node: '>= 4'}

  indent-string@5.0.0:
    resolution: {integrity: sha512-m6FAo/spmsW2Ab2fU35JTYwtOKa2yAwXSwgjSv1TJzh4Mh7mC3lzAOVLBprb72XsTrgkEIsl7YrFNAiDiRhIGg==}
    engines: {node: '>=12'}

  inflight@1.0.6:
    resolution: {integrity: sha512-k92I/b08q4wvFscXCLvqfsHCrjrF7yiXsQuIVvVE7N82W3+aqpzuUdBbfhWcy/FZR3/4IgflMgKLOsvPDrGCJA==}
    deprecated: This module is not supported, and leaks memory. Do not use it. Check out lru-cache if you want a good and tested way to coalesce async requests by a key value, which is much more comprehensive and powerful.

  inherits@2.0.4:
    resolution: {integrity: sha512-k/vGaX4/Yla3WzyMCvTQOXYeIHvqOKtnqBduzTHpzpQZzAskKMhZ2K+EnBiSM9zGSoIFeMpXKxa4dYeZIQqewQ==}

  is-arrayish@0.2.1:
    resolution: {integrity: sha512-zz06S8t0ozoDXMG+ube26zeCTNXcKIPJZJi8hBrF4idCLms4CG9QtK7qBl1boi5ODzFpjswb5JPmHCbMpjaYzg==}

  is-arrayish@0.3.2:
    resolution: {integrity: sha512-eVRqCvVlZbuw3GrM63ovNSNAeA1K16kaR/LRY/92w0zxQ5/1YzwblUX652i4Xs9RwAGjW9d9y6X88t8OaAJfWQ==}

  is-core-module@2.16.1:
    resolution: {integrity: sha512-UfoeMA6fIJ8wTYFEUjelnaGI67v6+N7qXJEvQuIGa99l4xsCruSYOVSQ0uPANn4dAzm8lkYPaKLrrijLq7x23w==}
    engines: {node: '>= 0.4'}

  is-extglob@2.1.1:
    resolution: {integrity: sha512-SbKbANkN603Vi4jEZv49LeVJMn4yGwsbzZworEoyEiutsN3nJYdbO36zfhGJ6QEDpOZIFkDtnq5JRxmvl3jsoQ==}
    engines: {node: '>=0.10.0'}

  is-glob@4.0.3:
    resolution: {integrity: sha512-xelSayHH36ZgE7ZWhli7pW34hNbNl8Ojv5KVmkJD4hBdD3th8Tfk9vYasLM+mXWOZhFkgZfxhLSnrwRr4elSSg==}
    engines: {node: '>=0.10.0'}

  is-number@7.0.0:
    resolution: {integrity: sha512-41Cifkg6e8TylSpdtTpeLVMqvSBEVzTttHvERD741+pnZ8ANv0004MRL43QKPDlK9cGvNp6NZWZUBlbGXYxxng==}
    engines: {node: '>=0.12.0'}

  is-path-cwd@3.0.0:
    resolution: {integrity: sha512-kyiNFFLU0Ampr6SDZitD/DwUo4Zs1nSdnygUBqsu3LooL00Qvb5j+UnvApUn/TTj1J3OuE6BTdQ5rudKmU2ZaA==}
    engines: {node: ^12.20.0 || ^14.13.1 || >=16.0.0}

  is-path-inside@4.0.0:
    resolution: {integrity: sha512-lJJV/5dYS+RcL8uQdBDW9c9uWFLLBNRyFhnAKXw5tVqLlKZ4RMGZKv+YQ/IA3OhD+RpbJa1LLFM1FQPGyIXvOA==}
    engines: {node: '>=12'}

  is-plain-obj@1.1.0:
    resolution: {integrity: sha512-yvkRyxmFKEOQ4pNXCmJG5AEQNlXJS5LaONXo5/cLdTZdWvsZ1ioJEonLGAosKlMWE8lwUy/bJzMjcw8az73+Fg==}
    engines: {node: '>=0.10.0'}

  js-tokens@4.0.0:
    resolution: {integrity: sha512-RdJUflcE3cUzKiMqQgsCu06FPu9UdIJO0beYbPhHN4k6apgJtifcoCtT9bcxOpYBtpD2kCM6Sbzg4CausW/PKQ==}

  json-parse-even-better-errors@2.3.1:
    resolution: {integrity: sha512-xyFwyhro/JEof6Ghe2iz2NcXoj2sloNsWr/XsERDK/oiPCfaNhl5ONfp+jQdAZRQQ0IJWNzH9zIZF7li91kh2w==}

  kind-of@6.0.3:
    resolution: {integrity: sha512-dcS1ul+9tmeD95T+x28/ehLgd9mENa3LsvDTtzm3vyBEO7RPptvAD+t44WVXaUjTBRcrpFeFlC8WCruUR456hw==}
    engines: {node: '>=0.10.0'}

  kleur@4.1.5:
    resolution: {integrity: sha512-o+NO+8WrRiQEE4/7nwRJhN1HWpVmJm511pBHUxPLtp0BUISzlBplORYSmTclCnJvQq2tKu/sgl3xVpkc7ZWuQQ==}
    engines: {node: '>=6'}

  lines-and-columns@1.2.4:
    resolution: {integrity: sha512-7ylylesZQ/PV29jhEDl3Ufjo6ZX7gCqJr5F7PKrqc93v7fzSymt1BpwEU8nAUXs8qzzvqhbjhK5QZg6Mt/HkBg==}

  locate-path@6.0.0:
    resolution: {integrity: sha512-iPZK6eYjbxRu3uB4/WZ3EsEIMJFMqAoopl3R+zuq0UjcAm/MO6KCweDgPfP3elTztoKP3KtnVHxTn2NHBSDVUw==}
    engines: {node: '>=10'}

  lru-cache@6.0.0:
    resolution: {integrity: sha512-Jo6dJ04CmSjuznwJSS3pUeWmd/H0ffTlkXXgwZi+eq1UCmqQwCh+eLsYOYCwY991i2Fah4h1BEMCx4qThGbsiA==}
    engines: {node: '>=10'}

  map-obj@1.0.1:
    resolution: {integrity: sha512-7N/q3lyZ+LVCp7PzuxrJr4KMbBE2hW7BT7YNia330OFxIf4d3r5zVpicP2650l7CPN6RM9zOJRl3NGpqSiw3Eg==}
    engines: {node: '>=0.10.0'}

  map-obj@4.3.0:
    resolution: {integrity: sha512-hdN1wVrZbb29eBGiGjJbeP8JbKjq1urkHJ/LIP/NY48MZ1QVXUsQBV1G1zvYFHn1XE06cwjBsOI2K3Ulnj1YXQ==}
    engines: {node: '>=8'}

  meow@10.1.5:
    resolution: {integrity: sha512-/d+PQ4GKmGvM9Bee/DPa8z3mXs/pkvJE2KEThngVNOqtmljC6K7NMPxtc2JeZYTmpWb9k/TmxjeL18ez3h7vCw==}
    engines: {node: ^12.20.0 || ^14.13.1 || >=16.0.0}

  merge2@1.4.1:
    resolution: {integrity: sha512-8q7VEgMJW4J8tcfVPy8g09NcQwZdbwFEqhe/WZkoIzjn/3TGDwtOCYtXGxA3O8tPzpczCCDgv+P2P5y00ZJOOg==}
    engines: {node: '>= 8'}

  micromatch@4.0.8:
    resolution: {integrity: sha512-PXwfBhYu0hBCPw8Dn0E+WDYb7af3dSLVWKi3HGv84IdF4TyFoC0ysxFd0Goxw7nSv4T/PzEJQxsYsEiFCKo2BA==}
    engines: {node: '>=8.6'}

  min-indent@1.0.1:
    resolution: {integrity: sha512-I9jwMn07Sy/IwOj3zVkVik2JTvgpaykDZEigL6Rx6N9LbMywwUSMtxET+7lVoDLLd3O3IXwJwvuuns8UB/HeAg==}
    engines: {node: '>=4'}

  minimatch@3.1.2:
    resolution: {integrity: sha512-J7p63hRiAjw1NDEww1W7i37+ByIrOWO5XQQAzZ3VOcL0PNybwpfmV/N05zFAzwQ9USyEcX6t3UO+K5aqBQOIHw==}

  minimist-options@4.1.0:
    resolution: {integrity: sha512-Q4r8ghd80yhO/0j1O3B2BjweX3fiHg9cdOwjJd2J76Q135c+NDxGCqdYKQ1SKBuFfgWbAUzBfvYjPUEeNgqN1A==}
    engines: {node: '>= 6'}

  mri@1.2.0:
    resolution: {integrity: sha512-tzzskb3bG8LvYGFF/mDTpq3jpI6Q9wc3LEmBaghu+DdCssd1FakN7Bc0hVNmEyGq1bq3RgfkCb3cmQLpNPOroA==}
    engines: {node: '>=4'}

  nanoid@3.3.8:
    resolution: {integrity: sha512-WNLf5Sd8oZxOm+TzppcYk8gVOgP+l58xNy58D0nbUnOxOWRWvlcCV4kUF7ltmI6PsrLl/BgKEyS4mqsGChFN0w==}
    engines: {node: ^10 || ^12 || ^13.7 || ^14 || >=15.0.1}
    hasBin: true

  next@15.1.4:
    resolution: {integrity: sha512-mTaq9dwaSuwwOrcu3ebjDYObekkxRnXpuVL21zotM8qE2W0HBOdVIdg2Li9QjMEZrj73LN96LcWcz62V19FjAg==}
    engines: {node: ^18.18.0 || ^19.8.0 || >= 20.0.0}
    hasBin: true
    peerDependencies:
      '@opentelemetry/api': ^1.1.0
      '@playwright/test': ^1.41.2
      babel-plugin-react-compiler: '*'
      react: ^18.2.0 || 19.0.0-rc-de68d2f4-20241204 || ^19.0.0
      react-dom: ^18.2.0 || 19.0.0-rc-de68d2f4-20241204 || ^19.0.0
      sass: ^1.3.0
    peerDependenciesMeta:
      '@opentelemetry/api':
        optional: true
      '@playwright/test':
        optional: true
      babel-plugin-react-compiler:
        optional: true
      sass:
        optional: true

  normalize-package-data@3.0.3:
    resolution: {integrity: sha512-p2W1sgqij3zMMyRC067Dg16bfzVH+w7hyegmpIvZ4JNjqtGOVAIvLmjBx3yP7YTe9vKJgkoNOPjwQGogDoMXFA==}
    engines: {node: '>=10'}

  once@1.4.0:
    resolution: {integrity: sha512-lNaJgI+2Q5URQBkccEKHTQOPaXdUxnZZElQTZY0MFUAuaEqe1E+Nyvgdz/aIyNi6Z9MzO5dv1H8n58/GELp3+w==}

  p-limit@3.1.0:
    resolution: {integrity: sha512-TYOanM3wGwNGsZN2cVTYPArw454xnXj5qmWF1bEoAc4+cU/ol7GVh7odevjp1FNHduHc3KZMcFduxU5Xc6uJRQ==}
    engines: {node: '>=10'}

  p-locate@5.0.0:
    resolution: {integrity: sha512-LaNjtRWUBY++zB5nE/NwcaoMylSPk+S+ZHNB1TzdbMJMny6dynpAGt7X/tl/QYq3TIeE6nxHppbo2LGymrG5Pw==}
    engines: {node: '>=10'}

  p-map@5.5.0:
    resolution: {integrity: sha512-VFqfGDHlx87K66yZrNdI4YGtD70IRyd+zSvgks6mzHPRNkoKy+9EKP4SFC77/vTTQYmRmti7dvqC+m5jBrBAcg==}
    engines: {node: '>=12'}

  parse-json@5.2.0:
    resolution: {integrity: sha512-ayCKvm/phCGxOkYRSCM82iDwct8/EonSEgCSxWxD7ve6jHggsFl4fZVQBPRNgQoKiuV/odhFrGzQXZwbifC8Rg==}
    engines: {node: '>=8'}

  path-exists@4.0.0:
    resolution: {integrity: sha512-ak9Qy5Q7jYb2Wwcey5Fpvg2KoAc/ZIhLSLOSBmRmygPsGwkVVt0fZa0qrtMz+m6tJTAHfZQ8FnmB4MG4LWy7/w==}
    engines: {node: '>=8'}

  path-is-absolute@1.0.1:
    resolution: {integrity: sha512-AVbw3UJ2e9bq64vSaS9Am0fje1Pa8pbGqTTsmXfaIiMpnr5DlDhfJOuLj9Sf95ZPVDAUerDfEk88MPmPe7UCQg==}
    engines: {node: '>=0.10.0'}

  path-type@4.0.0:
    resolution: {integrity: sha512-gDKb8aZMDeD/tZWs9P6+q0J9Mwkdl6xMV8TjnGP3qJVJ06bdMgkbBlLU8IdfOsIsFz2BW1rNVT3XuNEl8zPAvw==}
    engines: {node: '>=8'}

  picocolors@1.1.1:
    resolution: {integrity: sha512-xceH2snhtb5M9liqDsmEw56le376mTZkEX/jEb/RxNFyegNul7eNslCXP9FDj/Lcu0X8KEyMceP2ntpaHrDEVA==}

  picomatch@2.3.1:
    resolution: {integrity: sha512-JU3teHTNjmE2VCGFzuY8EXzCDVwEqB2a8fsIvwaStHhAWJEeVd1o1QD80CU6+ZdEXXSLbSsuLwJjkCBWqRQUVA==}
    engines: {node: '>=8.6'}

  postcss@8.4.31:
    resolution: {integrity: sha512-PS08Iboia9mts/2ygV3eLpY5ghnUcfLV/EXTOW1E2qYxJKGGBUtNjN76FYHnMs36RmARn41bC0AZmn+rR0OVpQ==}
    engines: {node: ^10 || ^12 || >=14}

  queue-microtask@1.2.3:
    resolution: {integrity: sha512-NuaNSa6flKT5JaSYQzJok04JzTL1CA6aGhv5rfLW3PgqA+M2ChpZQnAC8h8i4ZFkBS8X5RqkDBHA7r4hej3K9A==}

  quick-lru@5.1.1:
    resolution: {integrity: sha512-WuyALRjWPDGtt/wzJiadO5AXY+8hZ80hVpe6MyivgraREW751X3SbhRvG3eLKOYN+8VEvqLcf3wdnt44Z4S4SA==}
    engines: {node: '>=10'}

  react-dom@19.0.0:
    resolution: {integrity: sha512-4GV5sHFG0e/0AD4X+ySy6UJd3jVl1iNsNHdpad0qhABJ11twS3TTBnseqsKurKcsNqCEFeGL3uLpVChpIO3QfQ==}
    peerDependencies:
      react: ^19.0.0

  react@19.0.0:
    resolution: {integrity: sha512-V8AVnmPIICiWpGfm6GLzCR/W5FXLchHop40W4nXBmdlEceh16rCN8O8LNWm5bh5XUX91fh7KpA+W0TgMKmgTpQ==}
    engines: {node: '>=0.10.0'}

  read-pkg-up@8.0.0:
    resolution: {integrity: sha512-snVCqPczksT0HS2EC+SxUndvSzn6LRCwpfSvLrIfR5BKDQQZMaI6jPRC9dYvYFDRAuFEAnkwww8kBBNE/3VvzQ==}
    engines: {node: '>=12'}

  read-pkg@6.0.0:
    resolution: {integrity: sha512-X1Fu3dPuk/8ZLsMhEj5f4wFAF0DWoK7qhGJvgaijocXxBmSToKfbFtqbxMO7bVjNA1dmE5huAzjXj/ey86iw9Q==}
    engines: {node: '>=12'}

  redent@4.0.0:
    resolution: {integrity: sha512-tYkDkVVtYkSVhuQ4zBgfvciymHaeuel+zFKXShfDnFP5SyVEP7qo70Rf1jTOTCx3vGNAbnEi/xFkcfQVMIBWag==}
    engines: {node: '>=12'}

  reusify@1.0.4:
    resolution: {integrity: sha512-U9nH88a3fc/ekCF1l0/UP1IosiuIjyTh7hBvXVMHYgVcfGvt897Xguj2UOLDeI5BG2m7/uwyaLVT6fbtCwTyzw==}
    engines: {iojs: '>=1.0.0', node: '>=0.10.0'}

  rimraf@3.0.2:
    resolution: {integrity: sha512-JZkJMZkAGFFPP2YqXZXPbMlMBgsxzE8ILs4lMIX/2o0L9UBw9O/Y3o6wFw/i9YLapcUJWwqbi3kdxIPdC62TIA==}
    deprecated: Rimraf versions prior to v4 are no longer supported
    hasBin: true

  run-parallel@1.2.0:
    resolution: {integrity: sha512-5l4VyZR86LZ/lDxZTR6jqL8AFE2S0IFLMP26AbjsLVADxHdhB/c0GUsH+y39UfCi3dzz8OlQuPmnaJOMoDHQBA==}

  sade@1.8.1:
    resolution: {integrity: sha512-xal3CZX1Xlo/k4ApwCFrHVACi9fBqJ7V+mwhBsuf/1IOKbBy098Fex+Wa/5QMubw09pSZ/u8EY8PWgevJsXp1A==}
    engines: {node: '>=6'}

  scheduler@0.25.0:
    resolution: {integrity: sha512-xFVuu11jh+xcO7JOAGJNOXld8/TcEHK/4CituBUeUb5hqxJLj9YuemAEuvm9gQ/+pgXYfbQuqAkiYu+u7YEsNA==}

  semver@7.6.3:
    resolution: {integrity: sha512-oVekP1cKtI+CTDvHWYFUcMtsK/00wmAEfyqKfNdARm8u1wNVhSgaX7A8d4UuIlUI5e84iEwOhs7ZPYRmzU9U6A==}
    engines: {node: '>=10'}
    hasBin: true

  sharp@0.33.5:
    resolution: {integrity: sha512-haPVm1EkS9pgvHrQ/F3Xy+hgcuMV0Wm9vfIBSiwZ05k+xgb0PkBQpGsAA/oWdDobNaZTH5ppvHtzCFbnSEwHVw==}
    engines: {node: ^18.17.0 || ^20.3.0 || >=21.0.0}

  simple-swizzle@0.2.2:
    resolution: {integrity: sha512-JA//kQgZtbuY83m+xT+tXJkmJncGMTFT+C+g2h2R9uxkYIrE2yy9sgmcLhCnw57/WSD+Eh3J97FPEDFnbXnDUg==}

  slash@4.0.0:
    resolution: {integrity: sha512-3dOsAHXXUkQTpOYcoAxLIorMTp4gIQr5IW3iVb7A7lFIp0VHhnynm9izx6TssdrIcVIESAlVjtnO2K8bg+Coew==}
    engines: {node: '>=12'}

  source-map-js@1.2.1:
    resolution: {integrity: sha512-UXWMKhLOwVKb728IUtQPXxfYU+usdybtUrK/8uGE8CQMvrhOpwvzDBwj0QhSL7MQc7vIsISBG8VQ8+IDQxpfQA==}
    engines: {node: '>=0.10.0'}

  spdx-correct@3.2.0:
    resolution: {integrity: sha512-kN9dJbvnySHULIluDHy32WHRUu3Og7B9sbY7tsFLctQkIqnMh3hErYgdMjTYuqmcXX+lK5T1lnUt3G7zNswmZA==}

  spdx-exceptions@2.5.0:
    resolution: {integrity: sha512-PiU42r+xO4UbUS1buo3LPJkjlO7430Xn5SVAhdpzzsPHsjbYVflnnFdATgabnLude+Cqu25p6N+g2lw/PFsa4w==}

  spdx-expression-parse@3.0.1:
    resolution: {integrity: sha512-cbqHunsQWnJNE6KhVSMsMeH5H/L9EpymbzqTQ3uLwNCLZ1Q481oWaofqH7nO6V07xlXwY6PhQdQ2IedWx/ZK4Q==}

  spdx-license-ids@3.0.20:
    resolution: {integrity: sha512-jg25NiDV/1fLtSgEgyvVyDunvaNHbuwF9lfNV17gSmPFAlYzdfNBlLtLzXTevwkPj7DhGbmN9VnmJIgLnhvaBw==}

  streamsearch@1.1.0:
    resolution: {integrity: sha512-Mcc5wHehp9aXz1ax6bZUyY5afg9u2rv5cqQI3mRrYkGC8rW2hM02jWuwjtL++LS5qinSyhj2QfLyNsuc+VsExg==}
    engines: {node: '>=10.0.0'}

  strip-indent@4.0.0:
    resolution: {integrity: sha512-mnVSV2l+Zv6BLpSD/8V87CW/y9EmmbYzGCIavsnsI6/nwn26DwffM/yztm30Z/I2DY9wdS3vXVCMnHDgZaVNoA==}
    engines: {node: '>=12'}

  styled-jsx@5.1.6:
    resolution: {integrity: sha512-qSVyDTeMotdvQYoHWLNGwRFJHC+i+ZvdBRYosOFgC+Wg1vx4frN2/RG/NA7SYqqvKNLf39P2LSRA2pu6n0XYZA==}
    engines: {node: '>= 12.0.0'}
    peerDependencies:
      '@babel/core': '*'
      babel-plugin-macros: '*'
      react: '>= 16.8.0 || 17.x.x || ^18.0.0-0 || ^19.0.0-0'
    peerDependenciesMeta:
      '@babel/core':
        optional: true
      babel-plugin-macros:
        optional: true

  to-regex-range@5.0.1:
    resolution: {integrity: sha512-65P7iz6X5yEr1cwcgvQxbbIw7Uk3gOy5dIdtZ4rDveLqhrdJP+Li/Hx6tyK0NEb+2GCyneCMJiGqrADCSNk8sQ==}
    engines: {node: '>=8.0'}

  trim-newlines@4.1.1:
    resolution: {integrity: sha512-jRKj0n0jXWo6kh62nA5TEh3+4igKDXLvzBJcPpiizP7oOolUrYIxmVBG9TOtHYFHoddUk6YvAkGeGoSVTXfQXQ==}
    engines: {node: '>=12'}

  tslib@2.8.1:
    resolution: {integrity: sha512-oJFu94HQb+KVduSUQL7wnpmqnfmLsOA/nAh6b6EH0wCEoK0/mPeXU6c3wKDV83MkOuHPRHtSXKKU99IBazS/2w==}

  type-fest@1.4.0:
    resolution: {integrity: sha512-yGSza74xk0UG8k+pLh5oeoYirvIiWo5t0/o3zHHAO2tRDiZcxWP7fywNlXhqb6/r6sWvwi+RsyQMWhVLe4BVuA==}
    engines: {node: '>=10'}

  typescript@5.7.3:
    resolution: {integrity: sha512-84MVSjMEHP+FQRPy3pX9sTVV/INIex71s9TL2Gm5FG/WG1SqXeKyZ0k7/blY/4FdOzI12CBy1vGc4og/eus0fw==}
    engines: {node: '>=14.17'}
    hasBin: true

  undici-types@6.20.0:
    resolution: {integrity: sha512-Ny6QZ2Nju20vw1SRHe3d9jVu6gJ+4e3+MMpqu7pqE5HT6WsTSlce++GQmK5UXS8mzV8DSYHrQH+Xrf2jVcuKNg==}

  uvu@0.5.6:
    resolution: {integrity: sha512-+g8ENReyr8YsOc6fv/NVJs2vFdHBnBNdfE49rshrTzDWOlUx4Gq7KOS2GD8eqhy2j+Ejq29+SbKH8yjkAqXqoA==}
    engines: {node: '>=8'}
    hasBin: true

  validate-npm-package-license@3.0.4:
    resolution: {integrity: sha512-DpKm2Ui/xN7/HQKCtpZxoRWBhZ9Z0kqtygG8XCgNQ8ZlDnxuQmWhj566j8fN4Cu3/JmbhsDo7fcAJq4s9h27Ew==}

  wrappy@1.0.2:
    resolution: {integrity: sha512-l4Sp/DRseor9wL6EvV2+TuQn63dMkPjZ/sp9XkghTEbV9KlPS1xUsZ3u7/IQO4wxtcFB4bgpQPRcR3QCvezPcQ==}

  yallist@4.0.0:
    resolution: {integrity: sha512-3wdGidZyq5PB084XLES5TpOSRA3wjXAlIWMhum2kRcv/41Sn2emQ0dycQW4uZXLejwKvg6EsvbdlVL+FYEct7A==}

  yargs-parser@20.2.9:
    resolution: {integrity: sha512-y11nGElTIV+CT3Zv9t7VKl+Q3hTQoT9a1Qzezhhl6Rp21gJ/IVTW7Z3y9EWXhuUBC2Shnf+DX0antecpAwSP8w==}
    engines: {node: '>=10'}

  yocto-queue@0.1.0:
    resolution: {integrity: sha512-rVksvsnNCdJ/ohGc6xgPwyN8eheCxsiLM8mxuE/t/mOVqJewPuO1miLpTHQiRgTKCLexL4MeAFVagts7HmNZ2Q==}
    engines: {node: '>=10'}

snapshots:

  '@babel/code-frame@7.26.2':
    dependencies:
      '@babel/helper-validator-identifier': 7.25.9
      js-tokens: 4.0.0
      picocolors: 1.1.1

  '@babel/helper-validator-identifier@7.25.9': {}

  '@dicebear/core@9.2.2':
    dependencies:
      '@types/json-schema': 7.0.15

  '@emnapi/runtime@1.3.1':
    dependencies:
      tslib: 2.8.1
    optional: true

  '@img/sharp-darwin-arm64@0.33.5':
    optionalDependencies:
      '@img/sharp-libvips-darwin-arm64': 1.0.4
    optional: true

  '@img/sharp-darwin-x64@0.33.5':
    optionalDependencies:
      '@img/sharp-libvips-darwin-x64': 1.0.4
    optional: true

  '@img/sharp-libvips-darwin-arm64@1.0.4':
    optional: true

  '@img/sharp-libvips-darwin-x64@1.0.4':
    optional: true

  '@img/sharp-libvips-linux-arm64@1.0.4':
    optional: true

  '@img/sharp-libvips-linux-arm@1.0.5':
    optional: true

  '@img/sharp-libvips-linux-s390x@1.0.4':
    optional: true

  '@img/sharp-libvips-linux-x64@1.0.4':
    optional: true

  '@img/sharp-libvips-linuxmusl-arm64@1.0.4':
    optional: true

  '@img/sharp-libvips-linuxmusl-x64@1.0.4':
    optional: true

  '@img/sharp-linux-arm64@0.33.5':
    optionalDependencies:
      '@img/sharp-libvips-linux-arm64': 1.0.4
    optional: true

  '@img/sharp-linux-arm@0.33.5':
    optionalDependencies:
      '@img/sharp-libvips-linux-arm': 1.0.5
    optional: true

  '@img/sharp-linux-s390x@0.33.5':
    optionalDependencies:
      '@img/sharp-libvips-linux-s390x': 1.0.4
    optional: true

  '@img/sharp-linux-x64@0.33.5':
    optionalDependencies:
      '@img/sharp-libvips-linux-x64': 1.0.4
    optional: true

  '@img/sharp-linuxmusl-arm64@0.33.5':
    optionalDependencies:
      '@img/sharp-libvips-linuxmusl-arm64': 1.0.4
    optional: true

  '@img/sharp-linuxmusl-x64@0.33.5':
    optionalDependencies:
      '@img/sharp-libvips-linuxmusl-x64': 1.0.4
    optional: true

  '@img/sharp-wasm32@0.33.5':
    dependencies:
      '@emnapi/runtime': 1.3.1
    optional: true

  '@img/sharp-win32-ia32@0.33.5':
    optional: true

  '@img/sharp-win32-x64@0.33.5':
    optional: true

  '@next/env@15.1.4': {}

  '@next/swc-darwin-arm64@15.1.4':
    optional: true

  '@next/swc-darwin-x64@15.1.4':
    optional: true

  '@next/swc-linux-arm64-gnu@15.1.4':
    optional: true

  '@next/swc-linux-arm64-musl@15.1.4':
    optional: true

  '@next/swc-linux-x64-gnu@15.1.4':
    optional: true

  '@next/swc-linux-x64-musl@15.1.4':
    optional: true

  '@next/swc-win32-arm64-msvc@15.1.4':
    optional: true

  '@next/swc-win32-x64-msvc@15.1.4':
    optional: true

  '@nodelib/fs.scandir@2.1.5':
    dependencies:
      '@nodelib/fs.stat': 2.0.5
      run-parallel: 1.2.0

  '@nodelib/fs.stat@2.0.5': {}

  '@nodelib/fs.walk@1.2.8':
    dependencies:
      '@nodelib/fs.scandir': 2.1.5
      fastq: 1.18.0

  '@swc/counter@0.1.3': {}

  '@swc/helpers@0.5.15':
    dependencies:
      tslib: 2.8.1

  '@tsconfig/recommended@1.0.8': {}

  '@types/json-schema@7.0.15': {}

  '@types/minimist@1.2.5': {}

  '@types/node@22.10.5':
    dependencies:
      undici-types: 6.20.0

  '@types/normalize-package-data@2.4.4': {}

  '@types/react@19.0.6':
    dependencies:
      csstype: 3.1.3

  aggregate-error@4.0.1:
    dependencies:
      clean-stack: 4.2.0
      indent-string: 5.0.0

  arrify@1.0.1: {}

  balanced-match@1.0.2: {}

  brace-expansion@1.1.11:
    dependencies:
      balanced-match: 1.0.2
      concat-map: 0.0.1

  braces@3.0.3:
    dependencies:
      fill-range: 7.1.1

  busboy@1.6.0:
    dependencies:
      streamsearch: 1.1.0

  camelcase-keys@7.0.2:
    dependencies:
      camelcase: 6.3.0
      map-obj: 4.3.0
      quick-lru: 5.1.1
      type-fest: 1.4.0

  camelcase@6.3.0: {}

  caniuse-lite@1.0.30001692: {}

  clean-stack@4.2.0:
    dependencies:
      escape-string-regexp: 5.0.0

  client-only@0.0.1: {}

  color-convert@2.0.1:
    dependencies:
      color-name: 1.1.4
    optional: true

  color-name@1.1.4:
    optional: true

  color-string@1.9.1:
    dependencies:
      color-name: 1.1.4
      simple-swizzle: 0.2.2
    optional: true

  color@4.2.3:
    dependencies:
      color-convert: 2.0.1
      color-string: 1.9.1
    optional: true

  concat-map@0.0.1: {}

  csstype@3.1.3: {}

  decamelize-keys@1.1.1:
    dependencies:
      decamelize: 1.2.0
      map-obj: 1.0.1

  decamelize@1.2.0: {}

  decamelize@5.0.1: {}

  del-cli@5.1.0:
    dependencies:
      del: 7.1.0
      meow: 10.1.5

  del@7.1.0:
    dependencies:
      globby: 13.2.2
      graceful-fs: 4.2.11
      is-glob: 4.0.3
      is-path-cwd: 3.0.0
      is-path-inside: 4.0.0
      p-map: 5.5.0
      rimraf: 3.0.2
      slash: 4.0.0

  dequal@2.0.3: {}

  detect-libc@2.0.3:
    optional: true

  diff@5.2.0: {}

  dir-glob@3.0.1:
    dependencies:
      path-type: 4.0.0

  error-ex@1.3.2:
    dependencies:
      is-arrayish: 0.2.1

  escape-string-regexp@5.0.0: {}

  fast-glob@3.3.3:
    dependencies:
      '@nodelib/fs.stat': 2.0.5
      '@nodelib/fs.walk': 1.2.8
      glob-parent: 5.1.2
      merge2: 1.4.1
      micromatch: 4.0.8

  fastq@1.18.0:
    dependencies:
      reusify: 1.0.4

  fill-range@7.1.1:
    dependencies:
      to-regex-range: 5.0.1

  find-up@5.0.0:
    dependencies:
      locate-path: 6.0.0
      path-exists: 4.0.0

  fs.realpath@1.0.0: {}

  function-bind@1.1.2: {}

  glob-parent@5.1.2:
    dependencies:
      is-glob: 4.0.3

  glob@7.2.3:
    dependencies:
      fs.realpath: 1.0.0
      inflight: 1.0.6
      inherits: 2.0.4
      minimatch: 3.1.2
      once: 1.4.0
      path-is-absolute: 1.0.1

  globby@13.2.2:
    dependencies:
      dir-glob: 3.0.1
      fast-glob: 3.3.3
      ignore: 5.3.2
      merge2: 1.4.1
      slash: 4.0.0

  graceful-fs@4.2.11: {}

  hard-rejection@2.1.0: {}

  hasown@2.0.2:
    dependencies:
      function-bind: 1.1.2

  hosted-git-info@4.1.0:
    dependencies:
      lru-cache: 6.0.0

  ignore@5.3.2: {}

  indent-string@5.0.0: {}

  inflight@1.0.6:
    dependencies:
      once: 1.4.0
      wrappy: 1.0.2

  inherits@2.0.4: {}

  is-arrayish@0.2.1: {}

  is-arrayish@0.3.2:
    optional: true

  is-core-module@2.16.1:
    dependencies:
      hasown: 2.0.2

  is-extglob@2.1.1: {}

  is-glob@4.0.3:
    dependencies:
      is-extglob: 2.1.1

  is-number@7.0.0: {}

  is-path-cwd@3.0.0: {}

  is-path-inside@4.0.0: {}

  is-plain-obj@1.1.0: {}

  js-tokens@4.0.0: {}

  json-parse-even-better-errors@2.3.1: {}

  kind-of@6.0.3: {}

  kleur@4.1.5: {}

  lines-and-columns@1.2.4: {}

  locate-path@6.0.0:
    dependencies:
      p-locate: 5.0.0

  lru-cache@6.0.0:
    dependencies:
      yallist: 4.0.0

  map-obj@1.0.1: {}

  map-obj@4.3.0: {}

  meow@10.1.5:
    dependencies:
      '@types/minimist': 1.2.5
      camelcase-keys: 7.0.2
      decamelize: 5.0.1
      decamelize-keys: 1.1.1
      hard-rejection: 2.1.0
      minimist-options: 4.1.0
      normalize-package-data: 3.0.3
      read-pkg-up: 8.0.0
      redent: 4.0.0
      trim-newlines: 4.1.1
      type-fest: 1.4.0
      yargs-parser: 20.2.9

  merge2@1.4.1: {}

  micromatch@4.0.8:
    dependencies:
      braces: 3.0.3
      picomatch: 2.3.1

  min-indent@1.0.1: {}

  minimatch@3.1.2:
    dependencies:
      brace-expansion: 1.1.11

  minimist-options@4.1.0:
    dependencies:
      arrify: 1.0.1
      is-plain-obj: 1.1.0
      kind-of: 6.0.3

  mri@1.2.0: {}

  nanoid@3.3.8: {}

  next@15.1.4(react-dom@19.0.0(react@19.0.0))(react@19.0.0):
    dependencies:
      '@next/env': 15.1.4
      '@swc/counter': 0.1.3
      '@swc/helpers': 0.5.15
      busboy: 1.6.0
      caniuse-lite: 1.0.30001692
      postcss: 8.4.31
      react: 19.0.0
      react-dom: 19.0.0(react@19.0.0)
      styled-jsx: 5.1.6(react@19.0.0)
    optionalDependencies:
      '@next/swc-darwin-arm64': 15.1.4
      '@next/swc-darwin-x64': 15.1.4
      '@next/swc-linux-arm64-gnu': 15.1.4
      '@next/swc-linux-arm64-musl': 15.1.4
      '@next/swc-linux-x64-gnu': 15.1.4
      '@next/swc-linux-x64-musl': 15.1.4
      '@next/swc-win32-arm64-msvc': 15.1.4
      '@next/swc-win32-x64-msvc': 15.1.4
      sharp: 0.33.5
    transitivePeerDependencies:
      - '@babel/core'
      - babel-plugin-macros

  normalize-package-data@3.0.3:
    dependencies:
      hosted-git-info: 4.1.0
      is-core-module: 2.16.1
      semver: 7.6.3
      validate-npm-package-license: 3.0.4

  once@1.4.0:
    dependencies:
      wrappy: 1.0.2

  p-limit@3.1.0:
    dependencies:
      yocto-queue: 0.1.0

  p-locate@5.0.0:
    dependencies:
      p-limit: 3.1.0

  p-map@5.5.0:
    dependencies:
      aggregate-error: 4.0.1

  parse-json@5.2.0:
    dependencies:
      '@babel/code-frame': 7.26.2
      error-ex: 1.3.2
      json-parse-even-better-errors: 2.3.1
      lines-and-columns: 1.2.4

  path-exists@4.0.0: {}

  path-is-absolute@1.0.1: {}

  path-type@4.0.0: {}

  picocolors@1.1.1: {}

  picomatch@2.3.1: {}

  postcss@8.4.31:
    dependencies:
      nanoid: 3.3.8
      picocolors: 1.1.1
      source-map-js: 1.2.1

  queue-microtask@1.2.3: {}

  quick-lru@5.1.1: {}

  react-dom@19.0.0(react@19.0.0):
    dependencies:
      react: 19.0.0
      scheduler: 0.25.0

  react@19.0.0: {}

  read-pkg-up@8.0.0:
    dependencies:
      find-up: 5.0.0
      read-pkg: 6.0.0
      type-fest: 1.4.0

  read-pkg@6.0.0:
    dependencies:
      '@types/normalize-package-data': 2.4.4
      normalize-package-data: 3.0.3
      parse-json: 5.2.0
      type-fest: 1.4.0

  redent@4.0.0:
    dependencies:
      indent-string: 5.0.0
      strip-indent: 4.0.0

  reusify@1.0.4: {}

  rimraf@3.0.2:
    dependencies:
      glob: 7.2.3

  run-parallel@1.2.0:
    dependencies:
      queue-microtask: 1.2.3

  sade@1.8.1:
    dependencies:
      mri: 1.2.0

  scheduler@0.25.0: {}

  semver@7.6.3: {}

  sharp@0.33.5:
    dependencies:
      color: 4.2.3
      detect-libc: 2.0.3
      semver: 7.6.3
    optionalDependencies:
      '@img/sharp-darwin-arm64': 0.33.5
      '@img/sharp-darwin-x64': 0.33.5
      '@img/sharp-libvips-darwin-arm64': 1.0.4
      '@img/sharp-libvips-darwin-x64': 1.0.4
      '@img/sharp-libvips-linux-arm': 1.0.5
      '@img/sharp-libvips-linux-arm64': 1.0.4
      '@img/sharp-libvips-linux-s390x': 1.0.4
      '@img/sharp-libvips-linux-x64': 1.0.4
      '@img/sharp-libvips-linuxmusl-arm64': 1.0.4
      '@img/sharp-libvips-linuxmusl-x64': 1.0.4
      '@img/sharp-linux-arm': 0.33.5
      '@img/sharp-linux-arm64': 0.33.5
      '@img/sharp-linux-s390x': 0.33.5
      '@img/sharp-linux-x64': 0.33.5
      '@img/sharp-linuxmusl-arm64': 0.33.5
      '@img/sharp-linuxmusl-x64': 0.33.5
      '@img/sharp-wasm32': 0.33.5
      '@img/sharp-win32-ia32': 0.33.5
      '@img/sharp-win32-x64': 0.33.5
    optional: true

  simple-swizzle@0.2.2:
    dependencies:
      is-arrayish: 0.3.2
    optional: true

  slash@4.0.0: {}

  source-map-js@1.2.1: {}

  spdx-correct@3.2.0:
    dependencies:
      spdx-expression-parse: 3.0.1
      spdx-license-ids: 3.0.20

  spdx-exceptions@2.5.0: {}

  spdx-expression-parse@3.0.1:
    dependencies:
      spdx-exceptions: 2.5.0
      spdx-license-ids: 3.0.20

  spdx-license-ids@3.0.20: {}

  streamsearch@1.1.0: {}

  strip-indent@4.0.0:
    dependencies:
      min-indent: 1.0.1

  styled-jsx@5.1.6(react@19.0.0):
    dependencies:
      client-only: 0.0.1
      react: 19.0.0

  to-regex-range@5.0.1:
    dependencies:
      is-number: 7.0.0

  trim-newlines@4.1.1: {}

  tslib@2.8.1: {}

  type-fest@1.4.0: {}

  typescript@5.7.3: {}

  undici-types@6.20.0: {}

  uvu@0.5.6:
    dependencies:
      dequal: 2.0.3
      diff: 5.2.0
      kleur: 4.1.5
      sade: 1.8.1

  validate-npm-package-license@3.0.4:
    dependencies:
      spdx-correct: 3.2.0
      spdx-expression-parse: 3.0.1

  wrappy@1.0.2: {}

  yallist@4.0.0: {}

  yargs-parser@20.2.9: {}

  yocto-queue@0.1.0: {}
